
Microsoft Visual Studio Solution File, Format Version 12.00
# Visual Studio 15
VisualStudioVersion = 15.0.27428.2015
MinimumVisualStudioVersion = 10.0.40219.1
Project("{FAE04EC0-301F-11D3-BF4B-00C04F79EFBC}") = "RobotArdiuno", "RobotArdiuno\RobotArdiuno.csproj", "{C2ADECBC-9C01-4B41-A1D9-E85CDC7108C0}"
EndProject
Global
	GlobalSection(SolutionConfigurationPlatforms) = preSolution
		Debug|Any CPU = Debug|Any CPU
		Release|Any CPU = Release|Any CPU
	EndGlobalSection
	GlobalSection(ProjectConfigurationPlatforms) = postSolution
		{C2ADECBC-9C01-4B41-A1D9-E85CDC7108C0}.Debug|Any CPU.ActiveCfg = Debug|Any CPU
		{C2ADECBC-9C01-4B41-A1D9-E85CDC7108C0}.Debug|Any CPU.Build.0 = Debug|Any CPU
		{C2ADECBC-9C01-4B41-A1D9-E85CDC7108C0}.Release|Any CPU.ActiveCfg = Release|Any CPU
		{C2ADECBC-9C01-4B41-A1D9-E85CDC7108C0}.Release|Any CPU.Build.0 = Release|Any CPU
	EndGlobalSection
	GlobalSection(SolutionProperties) = preSolution
		HideSolutionNode = FALSE
	EndGlobalSection
	GlobalSection(ExtensibilityGlobals) = postSolution
		SolutionGuid = {961D8CAF-5781-4200-88D1-242A1D225CA9}
	EndGlobalSection
EndGlobal
